
Microsoft Visual Studio Solution File, Format Version 12.00
# Visual Studio Version 16
VisualStudioVersion = 16.0.32126.315
MinimumVisualStudioVersion = 10.0.40219.1
Project("{FAE04EC0-301F-11D3-BF4B-00C04F79EFBC}") = "TestaCondicional2", "TestaCondicional2\TestaCondicional2.csproj", "{D2D8AB64-DE43-4E5E-95F7-2D009F623B79}"
EndProject
Global
	GlobalSection(SolutionConfigurationPlatforms) = preSolution
		Debug|Any CPU = Debug|Any CPU
		Release|Any CPU = Release|Any CPU
	EndGlobalSection
	GlobalSection(ProjectConfigurationPlatforms) = postSolution
		{D2D8AB64-DE43-4E5E-95F7-2D009F623B79}.Debug|Any CPU.ActiveCfg = Debug|Any CPU
		{D2D8AB64-DE43-4E5E-95F7-2D009F623B79}.Debug|Any CPU.Build.0 = Debug|Any CPU
		{D2D8AB64-DE43-4E5E-95F7-2D009F623B79}.Release|Any CPU.ActiveCfg = Release|Any CPU
		{D2D8AB64-DE43-4E5E-95F7-2D009F623B79}.Release|Any CPU.Build.0 = Release|Any CPU
	EndGlobalSection
	GlobalSection(SolutionProperties) = preSolution
		HideSolutionNode = FALSE
	EndGlobalSection
	GlobalSection(ExtensibilityGlobals) = postSolution
		SolutionGuid = {F7B93824-D8EB-4A18-911D-B607B9F95F64}
	EndGlobalSection
EndGlobal
